
Microsoft Visual Studio Solution File, Format Version 12.00
Project("{FAE04EC0-301F-11D3-BF4B-00C04F79EFBC}") = "HeaterAutomation", "HeaterAutomation\HeaterAutomation.csproj", "{D29B89F5-863A-4FBD-92C9-EAF1075940EB}"
EndProject
Global
	GlobalSection(SolutionConfigurationPlatforms) = preSolution
		Debug|Any CPU = Debug|Any CPU
		Release|Any CPU = Release|Any CPU
	EndGlobalSection
	GlobalSection(ProjectConfigurationPlatforms) = postSolution
		{D29B89F5-863A-4FBD-92C9-EAF1075940EB}.Debug|Any CPU.ActiveCfg = Debug|Any CPU
		{D29B89F5-863A-4FBD-92C9-EAF1075940EB}.Debug|Any CPU.Build.0 = Debug|Any CPU
		{D29B89F5-863A-4FBD-92C9-EAF1075940EB}.Release|Any CPU.ActiveCfg = Release|Any CPU
		{D29B89F5-863A-4FBD-92C9-EAF1075940EB}.Release|Any CPU.Build.0 = Release|Any CPU
	EndGlobalSection
EndGlobal
